// !$*UTF8*$!
{
	archiveVersion = 1;
	classes = {
	};
	objectVersion = 46;
	objects = {

/* Begin PBXBuildFile section */
		060A516D1F2977BB007A4D96 /* CMHomeRecommendCell.m in Sources */ = {isa = PBXBuildFile; fileRef = 060A516C1F2977BB007A4D96 /* CMHomeRecommendCell.m */; };
		060A51701F29784F007A4D96 /* CMRecommendInternalCell.m in Sources */ = {isa = PBXBuildFile; fileRef = 060A516F1F29784F007A4D96 /* CMRecommendInternalCell.m */; };
		060A51731F298A57007A4D96 /* CMRecommendCellHeader.m in Sources */ = {isa = PBXBuildFile; fileRef = 060A51721F298A57007A4D96 /* CMRecommendCellHeader.m */; };
		060A51761F2993C4007A4D96 /* UILabel+CMLabelAlignment.m in Sources */ = {isa = PBXBuildFile; fileRef = 060A51751F2993C4007A4D96 /* UILabel+CMLabelAlignment.m */; };
		062C59061F2902F100368FC8 /* UIColor+CMColor.m in Sources */ = {isa = PBXBuildFile; fileRef = 062C59051F2902F100368FC8 /* UIColor+CMColor.m */; };
		062C59091F29034400368FC8 /* UIColor+util.m in Sources */ = {isa = PBXBuildFile; fileRef = 062C59081F29034400368FC8 /* UIColor+util.m */; };
		067276BB1F0C01A5002212D3 /* CMBasicListViewController.m in Sources */ = {isa = PBXBuildFile; fileRef = 067276BA1F0C01A5002212D3 /* CMBasicListViewController.m */; };
		067276BE1F0C01C3002212D3 /* CMBasicViewController.m in Sources */ = {isa = PBXBuildFile; fileRef = 067276BD1F0C01C3002212D3 /* CMBasicViewController.m */; };
		067276C11F0C01E9002212D3 /* CMBasicCollectionViewController.m in Sources */ = {isa = PBXBuildFile; fileRef = 067276C01F0C01E9002212D3 /* CMBasicCollectionViewController.m */; };
		067C82991F0D5638002B5B54 /* CMHomeViewController.m in Sources */ = {isa = PBXBuildFile; fileRef = 067C82971F0D5638002B5B54 /* CMHomeViewController.m */; };
		067C829C1F0D5650002B5B54 /* CMHomeCycleView.m in Sources */ = {isa = PBXBuildFile; fileRef = 067C829B1F0D5650002B5B54 /* CMHomeCycleView.m */; };
		06D77BE61F241B8100B1DC7F /* CMHomeDataManager.m in Sources */ = {isa = PBXBuildFile; fileRef = 06D77BE51F241B8100B1DC7F /* CMHomeDataManager.m */; };
		06D77BEA1F241C1400B1DC7F /* CMHomeArticle.m in Sources */ = {isa = PBXBuildFile; fileRef = 06D77BE91F241C1400B1DC7F /* CMHomeArticle.m */; };
		06D77BEE1F241E6700B1DC7F /* CMAPI.m in Sources */ = {isa = PBXBuildFile; fileRef = 06D77BED1F241E6700B1DC7F /* CMAPI.m */; };
		06D77BF41F24283900B1DC7F /* CMHomeArticleCell.m in Sources */ = {isa = PBXBuildFile; fileRef = 06D77BF21F24283900B1DC7F /* CMHomeArticleCell.m */; };
		06D77BF71F242B6600B1DC7F /* CMHomeArticleCell.xib in Resources */ = {isa = PBXBuildFile; fileRef = 06D77BF61F242B6600B1DC7F /* CMHomeArticleCell.xib */; };
		06D77BFB1F243DE600B1DC7F /* CMArticleContentViewController.m in Sources */ = {isa = PBXBuildFile; fileRef = 06D77BF91F243DE600B1DC7F /* CMArticleContentViewController.m */; };
		06F4AE551F0A9CEF00600440 /* main.m in Sources */ = {isa = PBXBuildFile; fileRef = 06F4AE541F0A9CEF00600440 /* main.m */; };
		06F4AE581F0A9CEF00600440 /* AppDelegate.m in Sources */ = {isa = PBXBuildFile; fileRef = 06F4AE571F0A9CEF00600440 /* AppDelegate.m */; };
		06F4AE601F0A9CEF00600440 /* Assets.xcassets in Resources */ = {isa = PBXBuildFile; fileRef = 06F4AE5F1F0A9CEF00600440 /* Assets.xcassets */; };
		06F4AE7B1F0AA4A300600440 /* CMVideoListViewController.m in Sources */ = {isa = PBXBuildFile; fileRef = 06F4AE7A1F0AA4A300600440 /* CMVideoListViewController.m */; };
		06F4AE7E1F0AA4B300600440 /* CMDiscoveryViewController.m in Sources */ = {isa = PBXBuildFile; fileRef = 06F4AE7D1F0AA4B300600440 /* CMDiscoveryViewController.m */; };
		06F4AE811F0AA4C100600440 /* CMUserCenterViewController.m in Sources */ = {isa = PBXBuildFile; fileRef = 06F4AE801F0AA4C100600440 /* CMUserCenterViewController.m */; };
		06F4AE851F0AA51300600440 /* CMTabBarController.m in Sources */ = {isa = PBXBuildFile; fileRef = 06F4AE841F0AA51300600440 /* CMTabBarController.m */; };
		06F4AE8A1F0AB5BF00600440 /* CMBasicDataManager.m in Sources */ = {isa = PBXBuildFile; fileRef = 06F4AE891F0AB5BF00600440 /* CMBasicDataManager.m */; };
		06F4AE8D1F0AB69400600440 /* CMJSONResponseSerializer.m in Sources */ = {isa = PBXBuildFile; fileRef = 06F4AE8C1F0AB69400600440 /* CMJSONResponseSerializer.m */; };
		E1443995109E8B01F7763AF8 /* libPods-CoffeeMate.a in Frameworks */ = {isa = PBXBuildFile; fileRef = 6C3D92CE3309A38A8686112C /* libPods-CoffeeMate.a */; };
/* End PBXBuildFile section */

/* Begin PBXFileReference section */
		060A516B1F2977BB007A4D96 /* CMHomeRecommendCell.h */ = {isa = PBXFileReference; fileEncoding = 4; lastKnownFileType = sourcecode.c.h; path = CMHomeRecommendCell.h; sourceTree = "<group>"; };
		060A516C1F2977BB007A4D96 /* CMHomeRecommendCell.m */ = {isa = PBXFileReference; fileEncoding = 4; lastKnownFileType = sourcecode.c.objc; path = CMHomeRecommendCell.m; sourceTree = "<group>"; };
		060A516E1F29784F007A4D96 /* CMRecommendInternalCell.h */ = {isa = PBXFileReference; fileEncoding = 4; lastKnownFileType = sourcecode.c.h; path = CMRecommendInternalCell.h; sourceTree = "<group>"; };
		060A516F1F29784F007A4D96 /* CMRecommendInternalCell.m */ = {isa = PBXFileReference; fileEncoding = 4; lastKnownFileType = sourcecode.c.objc; path = CMRecommendInternalCell.m; sourceTree = "<group>"; };
		060A51711F298A57007A4D96 /* CMRecommendCellHeader.h */ = {isa = PBXFileReference; fileEncoding = 4; lastKnownFileType = sourcecode.c.h; path = CMRecommendCellHeader.h; sourceTree = "<group>"; };
		060A51721F298A57007A4D96 /* CMRecommendCellHeader.m */ = {isa = PBXFileReference; fileEncoding = 4; lastKnownFileType = sourcecode.c.objc; path = CMRecommendCellHeader.m; sourceTree = "<group>"; };
		060A51741F2993C4007A4D96 /* UILabel+CMLabelAlignment.h */ = {isa = PBXFileReference; fileEncoding = 4; lastKnownFileType = sourcecode.c.h; path = "UILabel+CMLabelAlignment.h"; sourceTree = "<group>"; };
		060A51751F2993C4007A4D96 /* UILabel+CMLabelAlignment.m */ = {isa = PBXFileReference; fileEncoding = 4; lastKnownFileType = sourcecode.c.objc; path = "UILabel+CMLabelAlignment.m"; sourceTree = "<group>"; };
		062C59041F2902F100368FC8 /* UIColor+CMColor.h */ = {isa = PBXFileReference; fileEncoding = 4; lastKnownFileType = sourcecode.c.h; path = "UIColor+CMColor.h"; sourceTree = "<group>"; };
		062C59051F2902F100368FC8 /* UIColor+CMColor.m */ = {isa = PBXFileReference; fileEncoding = 4; lastKnownFileType = sourcecode.c.objc; path = "UIColor+CMColor.m"; sourceTree = "<group>"; };
		062C59071F29034400368FC8 /* UIColor+util.h */ = {isa = PBXFileReference; fileEncoding = 4; lastKnownFileType = sourcecode.c.h; path = "UIColor+util.h"; sourceTree = "<group>"; };
		062C59081F29034400368FC8 /* UIColor+util.m */ = {isa = PBXFileReference; fileEncoding = 4; lastKnownFileType = sourcecode.c.objc; path = "UIColor+util.m"; sourceTree = "<group>"; };
		067276B91F0C01A5002212D3 /* CMBasicListViewController.h */ = {isa = PBXFileReference; fileEncoding = 4; lastKnownFileType = sourcecode.c.h; path = CMBasicListViewController.h; sourceTree = "<group>"; };
		067276BA1F0C01A5002212D3 /* CMBasicListViewController.m */ = {isa = PBXFileReference; fileEncoding = 4; lastKnownFileType = sourcecode.c.objc; path = CMBasicListViewController.m; sourceTree = "<group>"; };
		067276BC1F0C01C3002212D3 /* CMBasicViewController.h */ = {isa = PBXFileReference; fileEncoding = 4; lastKnownFileType = sourcecode.c.h; path = CMBasicViewController.h; sourceTree = "<group>"; };
		067276BD1F0C01C3002212D3 /* CMBasicViewController.m */ = {isa = PBXFileReference; fileEncoding = 4; lastKnownFileType = sourcecode.c.objc; path = CMBasicViewController.m; sourceTree = "<group>"; };
		067276BF1F0C01E9002212D3 /* CMBasicCollectionViewController.h */ = {isa = PBXFileReference; fileEncoding = 4; lastKnownFileType = sourcecode.c.h; path = CMBasicCollectionViewController.h; sourceTree = "<group>"; };
		067276C01F0C01E9002212D3 /* CMBasicCollectionViewController.m */ = {isa = PBXFileReference; fileEncoding = 4; lastKnownFileType = sourcecode.c.objc; path = CMBasicCollectionViewController.m; sourceTree = "<group>"; };
		067C82971F0D5638002B5B54 /* CMHomeViewController.m */ = {isa = PBXFileReference; fileEncoding = 4; lastKnownFileType = sourcecode.c.objc; path = CMHomeViewController.m; sourceTree = "<group>"; };
		067C82981F0D5638002B5B54 /* CMHomeViewController.h */ = {isa = PBXFileReference; fileEncoding = 4; lastKnownFileType = sourcecode.c.h; path = CMHomeViewController.h; sourceTree = "<group>"; };
		067C829A1F0D5650002B5B54 /* CMHomeCycleView.h */ = {isa = PBXFileReference; fileEncoding = 4; lastKnownFileType = sourcecode.c.h; path = CMHomeCycleView.h; sourceTree = "<group>"; };
		067C829B1F0D5650002B5B54 /* CMHomeCycleView.m */ = {isa = PBXFileReference; fileEncoding = 4; lastKnownFileType = sourcecode.c.objc; path = CMHomeCycleView.m; sourceTree = "<group>"; };
		06D77BE41F241B8100B1DC7F /* CMHomeDataManager.h */ = {isa = PBXFileReference; fileEncoding = 4; lastKnownFileType = sourcecode.c.h; path = CMHomeDataManager.h; sourceTree = "<group>"; };
		06D77BE51F241B8100B1DC7F /* CMHomeDataManager.m */ = {isa = PBXFileReference; fileEncoding = 4; lastKnownFileType = sourcecode.c.objc; path = CMHomeDataManager.m; sourceTree = "<group>"; };
		06D77BE81F241C1400B1DC7F /* CMHomeArticle.h */ = {isa = PBXFileReference; fileEncoding = 4; lastKnownFileType = sourcecode.c.h; path = CMHomeArticle.h; sourceTree = "<group>"; };
		06D77BE91F241C1400B1DC7F /* CMHomeArticle.m */ = {isa = PBXFileReference; fileEncoding = 4; lastKnownFileType = sourcecode.c.objc; path = CMHomeArticle.m; sourceTree = "<group>"; };
		06D77BEC1F241E6700B1DC7F /* CMAPI.h */ = {isa = PBXFileReference; fileEncoding = 4; lastKnownFileType = sourcecode.c.h; path = CMAPI.h; sourceTree = "<group>"; };
		06D77BED1F241E6700B1DC7F /* CMAPI.m */ = {isa = PBXFileReference; fileEncoding = 4; lastKnownFileType = sourcecode.c.objc; path = CMAPI.m; sourceTree = "<group>"; };
		06D77BF01F241F5E00B1DC7F /* coffeemate.pch */ = {isa = PBXFileReference; lastKnownFileType = sourcecode.c.h; name = coffeemate.pch; path = BaseComponent/coffeemate.pch; sourceTree = "<group>"; };
		06D77BF11F24283900B1DC7F /* CMHomeArticleCell.h */ = {isa = PBXFileReference; fileEncoding = 4; lastKnownFileType = sourcecode.c.h; path = CMHomeArticleCell.h; sourceTree = "<group>"; };
		06D77BF21F24283900B1DC7F /* CMHomeArticleCell.m */ = {isa = PBXFileReference; fileEncoding = 4; lastKnownFileType = sourcecode.c.objc; path = CMHomeArticleCell.m; sourceTree = "<group>"; };
		06D77BF61F242B6600B1DC7F /* CMHomeArticleCell.xib */ = {isa = PBXFileReference; fileEncoding = 4; lastKnownFileType = file.xib; path = CMHomeArticleCell.xib; sourceTree = "<group>"; };
		06D77BF81F243DE600B1DC7F /* CMArticleContentViewController.h */ = {isa = PBXFileReference; fileEncoding = 4; lastKnownFileType = sourcecode.c.h; path = CMArticleContentViewController.h; sourceTree = "<group>"; };
		06D77BF91F243DE600B1DC7F /* CMArticleContentViewController.m */ = {isa = PBXFileReference; fileEncoding = 4; lastKnownFileType = sourcecode.c.objc; path = CMArticleContentViewController.m; sourceTree = "<group>"; };
		06F4AE501F0A9CEF00600440 /* CoffeeMate.app */ = {isa = PBXFileReference; explicitFileType = wrapper.application; includeInIndex = 0; path = CoffeeMate.app; sourceTree = BUILT_PRODUCTS_DIR; };
		06F4AE541F0A9CEF00600440 /* main.m */ = {isa = PBXFileReference; lastKnownFileType = sourcecode.c.objc; path = main.m; sourceTree = "<group>"; };
		06F4AE561F0A9CEF00600440 /* AppDelegate.h */ = {isa = PBXFileReference; lastKnownFileType = sourcecode.c.h; path = AppDelegate.h; sourceTree = "<group>"; };
		06F4AE571F0A9CEF00600440 /* AppDelegate.m */ = {isa = PBXFileReference; lastKnownFileType = sourcecode.c.objc; path = AppDelegate.m; sourceTree = "<group>"; };
		06F4AE5F1F0A9CEF00600440 /* Assets.xcassets */ = {isa = PBXFileReference; lastKnownFileType = folder.assetcatalog; path = Assets.xcassets; sourceTree = "<group>"; };
		06F4AE641F0A9CEF00600440 /* Info.plist */ = {isa = PBXFileReference; lastKnownFileType = text.plist.xml; path = Info.plist; sourceTree = "<group>"; };
		06F4AE791F0AA4A300600440 /* CMVideoListViewController.h */ = {isa = PBXFileReference; fileEncoding = 4; lastKnownFileType = sourcecode.c.h; path = CMVideoListViewController.h; sourceTree = "<group>"; };
		06F4AE7A1F0AA4A300600440 /* CMVideoListViewController.m */ = {isa = PBXFileReference; fileEncoding = 4; lastKnownFileType = sourcecode.c.objc; path = CMVideoListViewController.m; sourceTree = "<group>"; };
		06F4AE7C1F0AA4B300600440 /* CMDiscoveryViewController.h */ = {isa = PBXFileReference; fileEncoding = 4; lastKnownFileType = sourcecode.c.h; path = CMDiscoveryViewController.h; sourceTree = "<group>"; };
		06F4AE7D1F0AA4B300600440 /* CMDiscoveryViewController.m */ = {isa = PBXFileReference; fileEncoding = 4; lastKnownFileType = sourcecode.c.objc; path = CMDiscoveryViewController.m; sourceTree = "<group>"; };
		06F4AE7F1F0AA4C100600440 /* CMUserCenterViewController.h */ = {isa = PBXFileReference; fileEncoding = 4; lastKnownFileType = sourcecode.c.h; path = CMUserCenterViewController.h; sourceTree = "<group>"; };
		06F4AE801F0AA4C100600440 /* CMUserCenterViewController.m */ = {isa = PBXFileReference; fileEncoding = 4; lastKnownFileType = sourcecode.c.objc; path = CMUserCenterViewController.m; sourceTree = "<group>"; };
		06F4AE831F0AA51300600440 /* CMTabBarController.h */ = {isa = PBXFileReference; fileEncoding = 4; lastKnownFileType = sourcecode.c.h; path = CMTabBarController.h; sourceTree = "<group>"; };
		06F4AE841F0AA51300600440 /* CMTabBarController.m */ = {isa = PBXFileReference; fileEncoding = 4; lastKnownFileType = sourcecode.c.objc; path = CMTabBarController.m; sourceTree = "<group>"; };
		06F4AE871F0AB46500600440 /* CMBasicDataManagerInterface.h */ = {isa = PBXFileReference; lastKnownFileType = sourcecode.c.h; path = CMBasicDataManagerInterface.h; sourceTree = "<group>"; };
		06F4AE881F0AB5BF00600440 /* CMBasicDataManager.h */ = {isa = PBXFileReference; fileEncoding = 4; lastKnownFileType = sourcecode.c.h; path = CMBasicDataManager.h; sourceTree = "<group>"; };
		06F4AE891F0AB5BF00600440 /* CMBasicDataManager.m */ = {isa = PBXFileReference; fileEncoding = 4; lastKnownFileType = sourcecode.c.objc; path = CMBasicDataManager.m; sourceTree = "<group>"; };
		06F4AE8B1F0AB69400600440 /* CMJSONResponseSerializer.h */ = {isa = PBXFileReference; fileEncoding = 4; lastKnownFileType = sourcecode.c.h; path = CMJSONResponseSerializer.h; sourceTree = "<group>"; };
		06F4AE8C1F0AB69400600440 /* CMJSONResponseSerializer.m */ = {isa = PBXFileReference; fileEncoding = 4; lastKnownFileType = sourcecode.c.objc; path = CMJSONResponseSerializer.m; sourceTree = "<group>"; };
		6C3D92CE3309A38A8686112C /* libPods-CoffeeMate.a */ = {isa = PBXFileReference; explicitFileType = archive.ar; includeInIndex = 0; path = "libPods-CoffeeMate.a"; sourceTree = BUILT_PRODUCTS_DIR; };
		C36D84522C4F34B472337D63 /* Pods-CoffeeMate.release.xcconfig */ = {isa = PBXFileReference; includeInIndex = 1; lastKnownFileType = text.xcconfig; name = "Pods-CoffeeMate.release.xcconfig"; path = "Pods/Target Support Files/Pods-CoffeeMate/Pods-CoffeeMate.release.xcconfig"; sourceTree = "<group>"; };
		E71348E965821AB9C12B654C /* Pods-CoffeeMate.debug.xcconfig */ = {isa = PBXFileReference; includeInIndex = 1; lastKnownFileType = text.xcconfig; name = "Pods-CoffeeMate.debug.xcconfig"; path = "Pods/Target Support Files/Pods-CoffeeMate/Pods-CoffeeMate.debug.xcconfig"; sourceTree = "<group>"; };
/* End PBXFileReference section */

/* Begin PBXFrameworksBuildPhase section */
		06F4AE4D1F0A9CEF00600440 /* Frameworks */ = {
			isa = PBXFrameworksBuildPhase;
			buildActionMask = 2147483647;
			files = (
				E1443995109E8B01F7763AF8 /* libPods-CoffeeMate.a in Frameworks */,
			);
			runOnlyForDeploymentPostprocessing = 0;
		};
/* End PBXFrameworksBuildPhase section */

/* Begin PBXGroup section */
		060A516A1F29778E007A4D96 /* Cell */ = {
			isa = PBXGroup;
			children = (
				060A516B1F2977BB007A4D96 /* CMHomeRecommendCell.h */,
				060A516C1F2977BB007A4D96 /* CMHomeRecommendCell.m */,
				060A516E1F29784F007A4D96 /* CMRecommendInternalCell.h */,
				060A516F1F29784F007A4D96 /* CMRecommendInternalCell.m */,
				060A51711F298A57007A4D96 /* CMRecommendCellHeader.h */,
				060A51721F298A57007A4D96 /* CMRecommendCellHeader.m */,
			);
			path = Cell;
			sourceTree = "<group>";
		};
		062C59031F2902CA00368FC8 /* Category */ = {
			isa = PBXGroup;
			children = (
				062C59041F2902F100368FC8 /* UIColor+CMColor.h */,
				062C59051F2902F100368FC8 /* UIColor+CMColor.m */,
				062C59071F29034400368FC8 /* UIColor+util.h */,
				062C59081F29034400368FC8 /* UIColor+util.m */,
				060A51741F2993C4007A4D96 /* UILabel+CMLabelAlignment.h */,
				060A51751F2993C4007A4D96 /* UILabel+CMLabelAlignment.m */,
			);
			path = Category;
			sourceTree = "<group>";
		};
		067276B81F0C0153002212D3 /* Controller */ = {
			isa = PBXGroup;
			children = (
				067276BC1F0C01C3002212D3 /* CMBasicViewController.h */,
				067276BD1F0C01C3002212D3 /* CMBasicViewController.m */,
				067276B91F0C01A5002212D3 /* CMBasicListViewController.h */,
				067276BA1F0C01A5002212D3 /* CMBasicListViewController.m */,
				067276BF1F0C01E9002212D3 /* CMBasicCollectionViewController.h */,
				067276C01F0C01E9002212D3 /* CMBasicCollectionViewController.m */,
			);
			path = Controller;
			sourceTree = "<group>";
		};
		067C82961F0D5625002B5B54 /* View */ = {
			isa = PBXGroup;
			children = (
				060A516A1F29778E007A4D96 /* Cell */,
				067C82971F0D5638002B5B54 /* CMHomeViewController.m */,
				067C82981F0D5638002B5B54 /* CMHomeViewController.h */,
				067C829A1F0D5650002B5B54 /* CMHomeCycleView.h */,
				067C829B1F0D5650002B5B54 /* CMHomeCycleView.m */,
				06D77BF11F24283900B1DC7F /* CMHomeArticleCell.h */,
				06D77BF21F24283900B1DC7F /* CMHomeArticleCell.m */,
				06D77BF61F242B6600B1DC7F /* CMHomeArticleCell.xib */,
				06D77BF81F243DE600B1DC7F /* CMArticleContentViewController.h */,
				06D77BF91F243DE600B1DC7F /* CMArticleContentViewController.m */,
			);
			path = View;
			sourceTree = "<group>";
		};
		06D77BE31F241B6B00B1DC7F /* DataManager */ = {
			isa = PBXGroup;
			children = (
				06D77BE41F241B8100B1DC7F /* CMHomeDataManager.h */,
				06D77BE51F241B8100B1DC7F /* CMHomeDataManager.m */,
			);
			path = DataManager;
			sourceTree = "<group>";
		};
		06D77BE71F241BAF00B1DC7F /* Module */ = {
			isa = PBXGroup;
			children = (
				06D77BE81F241C1400B1DC7F /* CMHomeArticle.h */,
				06D77BE91F241C1400B1DC7F /* CMHomeArticle.m */,
			);
			path = Module;
			sourceTree = "<group>";
		};
		06D77BEB1F241E5900B1DC7F /* Constant */ = {
			isa = PBXGroup;
			children = (
				06D77BEC1F241E6700B1DC7F /* CMAPI.h */,
				06D77BED1F241E6700B1DC7F /* CMAPI.m */,
			);
			path = Constant;
			sourceTree = "<group>";
		};
		06F4AE471F0A9CEF00600440 = {
			isa = PBXGroup;
			children = (
				06F4AE521F0A9CEF00600440 /* CoffeeMate */,
				06F4AE511F0A9CEF00600440 /* Products */,
				AD9F5A268E358488FB74F2FD /* Pods */,
				0813907879EB7689F0A1551B /* Frameworks */,
			);
			sourceTree = "<group>";
		};
		06F4AE511F0A9CEF00600440 /* Products */ = {
			isa = PBXGroup;
			children = (
				06F4AE501F0A9CEF00600440 /* CoffeeMate.app */,
			);
			name = Products;
			sourceTree = "<group>";
		};
		06F4AE521F0A9CEF00600440 /* CoffeeMate */ = {
			isa = PBXGroup;
			children = (
				06F4AE711F0AA45C00600440 /* Modules */,
				06F4AE701F0AA45400600440 /* BaseComponent */,
				06F4AE561F0A9CEF00600440 /* AppDelegate.h */,
				06F4AE571F0A9CEF00600440 /* AppDelegate.m */,
				06D77BF01F241F5E00B1DC7F /* coffeemate.pch */,
				06F4AE5F1F0A9CEF00600440 /* Assets.xcassets */,
				06F4AE641F0A9CEF00600440 /* Info.plist */,
				06F4AE531F0A9CEF00600440 /* Supporting Files */,
			);
			path = CoffeeMate;
			sourceTree = "<group>";
		};
		06F4AE531F0A9CEF00600440 /* Supporting Files */ = {
			isa = PBXGroup;
			children = (
				06F4AE541F0A9CEF00600440 /* main.m */,
			);
			name = "Supporting Files";
			sourceTree = "<group>";
		};
		06F4AE701F0AA45400600440 /* BaseComponent */ = {
			isa = PBXGroup;
			children = (
				062C59031F2902CA00368FC8 /* Category */,
				06D77BEB1F241E5900B1DC7F /* Constant */,
				067276B81F0C0153002212D3 /* Controller */,
				06F4AE861F0AB3C600600440 /* Infrastructure */,
				06F4AE821F0AA4F800600440 /* CMTabBar */,
			);
			path = BaseComponent;
			sourceTree = "<group>";
		};
		06F4AE711F0AA45C00600440 /* Modules */ = {
			isa = PBXGroup;
			children = (
				06F4AE721F0AA45C00600440 /* Discovery */,
				06F4AE731F0AA45C00600440 /* Home */,
				06F4AE741F0AA45C00600440 /* User */,
				06F4AE751F0AA45C00600440 /* Video */,
			);
			path = Modules;
			sourceTree = "<group>";
		};
		06F4AE721F0AA45C00600440 /* Discovery */ = {
			isa = PBXGroup;
			children = (
				06F4AE7C1F0AA4B300600440 /* CMDiscoveryViewController.h */,
				06F4AE7D1F0AA4B300600440 /* CMDiscoveryViewController.m */,
			);
			path = Discovery;
			sourceTree = "<group>";
		};
		06F4AE731F0AA45C00600440 /* Home */ = {
			isa = PBXGroup;
			children = (
				06D77BE71F241BAF00B1DC7F /* Module */,
				06D77BE31F241B6B00B1DC7F /* DataManager */,
				067C82961F0D5625002B5B54 /* View */,
			);
			path = Home;
			sourceTree = "<group>";
		};
		06F4AE741F0AA45C00600440 /* User */ = {
			isa = PBXGroup;
			children = (
				06F4AE7F1F0AA4C100600440 /* CMUserCenterViewController.h */,
				06F4AE801F0AA4C100600440 /* CMUserCenterViewController.m */,
			);
			path = User;
			sourceTree = "<group>";
		};
		06F4AE751F0AA45C00600440 /* Video */ = {
			isa = PBXGroup;
			children = (
				06F4AE791F0AA4A300600440 /* CMVideoListViewController.h */,
				06F4AE7A1F0AA4A300600440 /* CMVideoListViewController.m */,
			);
			path = Video;
			sourceTree = "<group>";
		};
		06F4AE821F0AA4F800600440 /* CMTabBar */ = {
			isa = PBXGroup;
			children = (
				06F4AE831F0AA51300600440 /* CMTabBarController.h */,
				06F4AE841F0AA51300600440 /* CMTabBarController.m */,
			);
			path = CMTabBar;
			sourceTree = "<group>";
		};
		06F4AE861F0AB3C600600440 /* Infrastructure */ = {
			isa = PBXGroup;
			children = (
				06F4AE871F0AB46500600440 /* CMBasicDataManagerInterface.h */,
				06F4AE881F0AB5BF00600440 /* CMBasicDataManager.h */,
				06F4AE891F0AB5BF00600440 /* CMBasicDataManager.m */,
				06F4AE8B1F0AB69400600440 /* CMJSONResponseSerializer.h */,
				06F4AE8C1F0AB69400600440 /* CMJSONResponseSerializer.m */,
			);
			path = Infrastructure;
			sourceTree = "<group>";
		};
		0813907879EB7689F0A1551B /* Frameworks */ = {
			isa = PBXGroup;
			children = (
				6C3D92CE3309A38A8686112C /* libPods-CoffeeMate.a */,
			);
			name = Frameworks;
			sourceTree = "<group>";
		};
		AD9F5A268E358488FB74F2FD /* Pods */ = {
			isa = PBXGroup;
			children = (
				E71348E965821AB9C12B654C /* Pods-CoffeeMate.debug.xcconfig */,
				C36D84522C4F34B472337D63 /* Pods-CoffeeMate.release.xcconfig */,
			);
			name = Pods;
			sourceTree = "<group>";
		};
/* End PBXGroup section */

/* Begin PBXNativeTarget section */
		06F4AE4F1F0A9CEF00600440 /* CoffeeMate */ = {
			isa = PBXNativeTarget;
			buildConfigurationList = 06F4AE671F0A9CEF00600440 /* Build configuration list for PBXNativeTarget "CoffeeMate" */;
			buildPhases = (
				831FD900DC6C36F8F362EAEA /* [CP] Check Pods Manifest.lock */,
				06F4AE4C1F0A9CEF00600440 /* Sources */,
				06F4AE4D1F0A9CEF00600440 /* Frameworks */,
				06F4AE4E1F0A9CEF00600440 /* Resources */,
				43C86C9C3B212E75F1BF6067 /* [CP] Embed Pods Frameworks */,
				1FC3CDF6CF1D37A39C23BB0C /* [CP] Copy Pods Resources */,
			);
			buildRules = (
			);
			dependencies = (
			);
			name = CoffeeMate;
			productName = CoffeeMate;
			productReference = 06F4AE501F0A9CEF00600440 /* CoffeeMate.app */;
			productType = "com.apple.product-type.application";
		};
/* End PBXNativeTarget section */

/* Begin PBXProject section */
		06F4AE481F0A9CEF00600440 /* Project object */ = {
			isa = PBXProject;
			attributes = {
				CLASSPREFIX = CM;
				LastUpgradeCheck = 0830;
				ORGANIZATIONNAME = wuyuan;
				TargetAttributes = {
					06F4AE4F1F0A9CEF00600440 = {
						CreatedOnToolsVersion = 8.3.1;
						DevelopmentTeam = G5XEK2D5DX;
						ProvisioningStyle = Automatic;
					};
				};
			};
			buildConfigurationList = 06F4AE4B1F0A9CEF00600440 /* Build configuration list for PBXProject "CoffeeMate" */;
			compatibilityVersion = "Xcode 3.2";
			developmentRegion = English;
			hasScannedForEncodings = 0;
			knownRegions = (
				en,
				Base,
			);
			mainGroup = 06F4AE471F0A9CEF00600440;
			productRefGroup = 06F4AE511F0A9CEF00600440 /* Products */;
			projectDirPath = "";
			projectRoot = "";
			targets = (
				06F4AE4F1F0A9CEF00600440 /* CoffeeMate */,
			);
		};
/* End PBXProject section */

/* Begin PBXResourcesBuildPhase section */
		06F4AE4E1F0A9CEF00600440 /* Resources */ = {
			isa = PBXResourcesBuildPhase;
			buildActionMask = 2147483647;
			files = (
				06F4AE601F0A9CEF00600440 /* Assets.xcassets in Resources */,
				06D77BF71F242B6600B1DC7F /* CMHomeArticleCell.xib in Resources */,
			);
			runOnlyForDeploymentPostprocessing = 0;
		};
/* End PBXResourcesBuildPhase section */

/* Begin PBXShellScriptBuildPhase section */
		1FC3CDF6CF1D37A39C23BB0C /* [CP] Copy Pods Resources */ = {
			isa = PBXShellScriptBuildPhase;
			buildActionMask = 2147483647;
			files = (
			);
			inputPaths = (
			);
			name = "[CP] Copy Pods Resources";
			outputPaths = (
			);
			runOnlyForDeploymentPostprocessing = 0;
			shellPath = /bin/sh;
			shellScript = "\"${SRCROOT}/Pods/Target Support Files/Pods-CoffeeMate/Pods-CoffeeMate-resources.sh\"\n";
			showEnvVarsInLog = 0;
		};
		43C86C9C3B212E75F1BF6067 /* [CP] Embed Pods Frameworks */ = {
			isa = PBXShellScriptBuildPhase;
			buildActionMask = 2147483647;
			files = (
			);
			inputPaths = (
			);
			name = "[CP] Embed Pods Frameworks";
			outputPaths = (
			);
			runOnlyForDeploymentPostprocessing = 0;
			shellPath = /bin/sh;
			shellScript = "\"${SRCROOT}/Pods/Target Support Files/Pods-CoffeeMate/Pods-CoffeeMate-frameworks.sh\"\n";
			showEnvVarsInLog = 0;
		};
		831FD900DC6C36F8F362EAEA /* [CP] Check Pods Manifest.lock */ = {
			isa = PBXShellScriptBuildPhase;
			buildActionMask = 2147483647;
			files = (
			);
			inputPaths = (
			);
			name = "[CP] Check Pods Manifest.lock";
			outputPaths = (
			);
			runOnlyForDeploymentPostprocessing = 0;
			shellPath = /bin/sh;
			shellScript = "diff \"${PODS_PODFILE_DIR_PATH}/Podfile.lock\" \"${PODS_ROOT}/Manifest.lock\" > /dev/null\nif [ $? != 0 ] ; then\n    # print error to STDERR\n    echo \"error: The sandbox is not in sync with the Podfile.lock. Run 'pod install' or update your CocoaPods installation.\" >&2\n    exit 1\nfi\n";
			showEnvVarsInLog = 0;
		};
/* End PBXShellScriptBuildPhase section */

/* Begin PBXSourcesBuildPhase section */
		06F4AE4C1F0A9CEF00600440 /* Sources */ = {
			isa = PBXSourcesBuildPhase;
			buildActionMask = 2147483647;
			files = (
				06F4AE851F0AA51300600440 /* CMTabBarController.m in Sources */,
				06F4AE811F0AA4C100600440 /* CMUserCenterViewController.m in Sources */,
				060A516D1F2977BB007A4D96 /* CMHomeRecommendCell.m in Sources */,
				06F4AE7B1F0AA4A300600440 /* CMVideoListViewController.m in Sources */,
				06F4AE7E1F0AA4B300600440 /* CMDiscoveryViewController.m in Sources */,
				06F4AE581F0A9CEF00600440 /* AppDelegate.m in Sources */,
				067C829C1F0D5650002B5B54 /* CMHomeCycleView.m in Sources */,
				06D77BF41F24283900B1DC7F /* CMHomeArticleCell.m in Sources */,
				067276BE1F0C01C3002212D3 /* CMBasicViewController.m in Sources */,
				067276C11F0C01E9002212D3 /* CMBasicCollectionViewController.m in Sources */,
				06D77BEA1F241C1400B1DC7F /* CMHomeArticle.m in Sources */,
				06D77BFB1F243DE600B1DC7F /* CMArticleContentViewController.m in Sources */,
				06F4AE8A1F0AB5BF00600440 /* CMBasicDataManager.m in Sources */,
				060A51761F2993C4007A4D96 /* UILabel+CMLabelAlignment.m in Sources */,
				062C59061F2902F100368FC8 /* UIColor+CMColor.m in Sources */,
				06F4AE8D1F0AB69400600440 /* CMJSONResponseSerializer.m in Sources */,
				067C82991F0D5638002B5B54 /* CMHomeViewController.m in Sources */,
				06D77BEE1F241E6700B1DC7F /* CMAPI.m in Sources */,
				060A51731F298A57007A4D96 /* CMRecommendCellHeader.m in Sources */,
				060A51701F29784F007A4D96 /* CMRecommendInternalCell.m in Sources */,
				06F4AE551F0A9CEF00600440 /* main.m in Sources */,
				06D77BE61F241B8100B1DC7F /* CMHomeDataManager.m in Sources */,
				067276BB1F0C01A5002212D3 /* CMBasicListViewController.m in Sources */,
				062C59091F29034400368FC8 /* UIColor+util.m in Sources */,
			);
			runOnlyForDeploymentPostprocessing = 0;
		};
/* End PBXSourcesBuildPhase section */

/* Begin XCBuildConfiguration section */
		06F4AE651F0A9CEF00600440 /* Debug */ = {
			isa = XCBuildConfiguration;
			buildSettings = {
				ALWAYS_SEARCH_USER_PATHS = NO;
				CLANG_ANALYZER_NONNULL = YES;
				CLANG_ANALYZER_NUMBER_OBJECT_CONVERSION = YES_AGGRESSIVE;
				CLANG_CXX_LANGUAGE_STANDARD = "gnu++0x";
				CLANG_CXX_LIBRARY = "libc++";
				CLANG_ENABLE_MODULES = YES;
				CLANG_ENABLE_OBJC_ARC = YES;
				CLANG_WARN_BOOL_CONVERSION = YES;
				CLANG_WARN_CONSTANT_CONVERSION = YES;
				CLANG_WARN_DIRECT_OBJC_ISA_USAGE = YES_ERROR;
				CLANG_WARN_DOCUMENTATION_COMMENTS = YES;
				CLANG_WARN_EMPTY_BODY = YES;
				CLANG_WARN_ENUM_CONVERSION = YES;
				CLANG_WARN_INFINITE_RECURSION = YES;
				CLANG_WARN_INT_CONVERSION = YES;
				CLANG_WARN_OBJC_ROOT_CLASS = YES_ERROR;
				CLANG_WARN_SUSPICIOUS_MOVE = YES;
				CLANG_WARN_UNREACHABLE_CODE = YES;
				CLANG_WARN__DUPLICATE_METHOD_MATCH = YES;
				"CODE_SIGN_IDENTITY[sdk=iphoneos*]" = "iPhone Developer";
				COPY_PHASE_STRIP = NO;
				DEBUG_INFORMATION_FORMAT = dwarf;
				ENABLE_STRICT_OBJC_MSGSEND = YES;
				ENABLE_TESTABILITY = YES;
				GCC_C_LANGUAGE_STANDARD = gnu99;
				GCC_DYNAMIC_NO_PIC = NO;
				GCC_NO_COMMON_BLOCKS = YES;
				GCC_OPTIMIZATION_LEVEL = 0;
				GCC_PREPROCESSOR_DEFINITIONS = (
					"DEBUG=1",
					"$(inherited)",
				);
				GCC_WARN_64_TO_32_BIT_CONVERSION = YES;
				GCC_WARN_ABOUT_RETURN_TYPE = YES_ERROR;
				GCC_WARN_UNDECLARED_SELECTOR = YES;
				GCC_WARN_UNINITIALIZED_AUTOS = YES_AGGRESSIVE;
				GCC_WARN_UNUSED_FUNCTION = YES;
				GCC_WARN_UNUSED_VARIABLE = YES;
				IPHONEOS_DEPLOYMENT_TARGET = 10.3;
				MTL_ENABLE_DEBUG_INFO = YES;
				ONLY_ACTIVE_ARCH = YES;
				SDKROOT = iphoneos;
			};
			name = Debug;
		};
		06F4AE661F0A9CEF00600440 /* Release */ = {
			isa = XCBuildConfiguration;
			buildSettings = {
				ALWAYS_SEARCH_USER_PATHS = NO;
				CLANG_ANALYZER_NONNULL = YES;
				CLANG_ANALYZER_NUMBER_OBJECT_CONVERSION = YES_AGGRESSIVE;
				CLANG_CXX_LANGUAGE_STANDARD = "gnu++0x";
				CLANG_CXX_LIBRARY = "libc++";
				CLANG_ENABLE_MODULES = YES;
				CLANG_ENABLE_OBJC_ARC = YES;
				CLANG_WARN_BOOL_CONVERSION = YES;
				CLANG_WARN_CONSTANT_CONVERSION = YES;
				CLANG_WARN_DIRECT_OBJC_ISA_USAGE = YES_ERROR;
				CLANG_WARN_DOCUMENTATION_COMMENTS = YES;
				CLANG_WARN_EMPTY_BODY = YES;
				CLANG_WARN_ENUM_CONVERSION = YES;
				CLANG_WARN_INFINITE_RECURSION = YES;
				CLANG_WARN_INT_CONVERSION = YES;
				CLANG_WARN_OBJC_ROOT_CLASS = YES_ERROR;
				CLANG_WARN_SUSPICIOUS_MOVE = YES;
				CLANG_WARN_UNREACHABLE_CODE = YES;
				CLANG_WARN__DUPLICATE_METHOD_MATCH = YES;
				"CODE_SIGN_IDENTITY[sdk=iphoneos*]" = "iPhone Developer";
				COPY_PHASE_STRIP = NO;
				DEBUG_INFORMATION_FORMAT = "dwarf-with-dsym";
				ENABLE_NS_ASSERTIONS = NO;
				ENABLE_STRICT_OBJC_MSGSEND = YES;
				GCC_C_LANGUAGE_STANDARD = gnu99;
				GCC_NO_COMMON_BLOCKS = YES;
				GCC_WARN_64_TO_32_BIT_CONVERSION = YES;
				GCC_WARN_ABOUT_RETURN_TYPE = YES_ERROR;
				GCC_WARN_UNDECLARED_SELECTOR = YES;
				GCC_WARN_UNINITIALIZED_AUTOS = YES_AGGRESSIVE;
				GCC_WARN_UNUSED_FUNCTION = YES;
				GCC_WARN_UNUSED_VARIABLE = YES;
				IPHONEOS_DEPLOYMENT_TARGET = 10.3;
				MTL_ENABLE_DEBUG_INFO = NO;
				SDKROOT = iphoneos;
				VALIDATE_PRODUCT = YES;
			};
			name = Release;
		};
		06F4AE681F0A9CEF00600440 /* Debug */ = {
			isa = XCBuildConfiguration;
			baseConfigurationReference = E71348E965821AB9C12B654C /* Pods-CoffeeMate.debug.xcconfig */;
			buildSettings = {
				ASSETCATALOG_COMPILER_APPICON_NAME = AppIcon;
				ASSETCATALOG_COMPILER_LAUNCHIMAGE_NAME = LaunchImage;
				DEVELOPMENT_TEAM = G5XEK2D5DX;
				GCC_PREFIX_HEADER = CoffeeMate/BaseComponent/coffeemate.pch;
				INFOPLIST_FILE = CoffeeMate/Info.plist;
				LD_RUNPATH_SEARCH_PATHS = "$(inherited) @executable_path/Frameworks";
				NEW_SETTING = "";
				PRODUCT_BUNDLE_IDENTIFIER = com.wuyuan.CoffeeMate;
				PRODUCT_NAME = "$(TARGET_NAME)";
			};
			name = Debug;
		};
		06F4AE691F0A9CEF00600440 /* Release */ = {
			isa = XCBuildConfiguration;
			baseConfigurationReference = C36D84522C4F34B472337D63 /* Pods-CoffeeMate.release.xcconfig */;
			buildSettings = {
				ASSETCATALOG_COMPILER_APPICON_NAME = AppIcon;
				ASSETCATALOG_COMPILER_LAUNCHIMAGE_NAME = LaunchImage;
				DEVELOPMENT_TEAM = G5XEK2D5DX;
				GCC_PREFIX_HEADER = CoffeeMate/BaseComponent/coffeemate.pch;
				INFOPLIST_FILE = CoffeeMate/Info.plist;
				LD_RUNPATH_SEARCH_PATHS = "$(inherited) @executable_path/Frameworks";
				NEW_SETTING = "";
				PRODUCT_BUNDLE_IDENTIFIER = com.wuyuan.CoffeeMate;
				PRODUCT_NAME = "$(TARGET_NAME)";
			};
			name = Release;
		};
/* End XCBuildConfiguration section */

/* Begin XCConfigurationList section */
		06F4AE4B1F0A9CEF00600440 /* Build configuration list for PBXProject "CoffeeMate" */ = {
			isa = XCConfigurationList;
			buildConfigurations = (
				06F4AE651F0A9CEF00600440 /* Debug */,
				06F4AE661F0A9CEF00600440 /* Release */,
			);
			defaultConfigurationIsVisible = 0;
			defaultConfigurationName = Release;
		};
		06F4AE671F0A9CEF00600440 /* Build configuration list for PBXNativeTarget "CoffeeMate" */ = {
			isa = XCConfigurationList;
			buildConfigurations = (
				06F4AE681F0A9CEF00600440 /* Debug */,
				06F4AE691F0A9CEF00600440 /* Release */,
			);
			defaultConfigurationIsVisible = 0;
			defaultConfigurationName = Release;
		};
/* End XCConfigurationList section */
	};
	rootObject = 06F4AE481F0A9CEF00600440 /* Project object */;
}
